
Microsoft Visual Studio Solution File, Format Version 12.00
# Visual Studio Version 17
VisualStudioVersion = 17.5.33502.453
MinimumVisualStudioVersion = 10.0.40219.1
Project("{FAE04EC0-301F-11D3-BF4B-00C04F79EFBC}") = "GLDiagonistic.Web", "GLDiagonistic.Web\GLDiagonistic.Web.csproj", "{2627E6A5-CB5B-41AB-A41A-4629691A5739}"
EndProject
Project("{FAE04EC0-301F-11D3-BF4B-00C04F79EFBC}") = "GLDiagonistice.Application", "GLDiagonistice.Application\GLDiagonistice.Application.csproj", "{2A5650BF-9C6A-4341-A6DA-AC5882C503C6}"
EndProject
Project("{FAE04EC0-301F-11D3-BF4B-00C04F79EFBC}") = "GLDiagonistic.Domain", "GLDiagonistic.Domain\GLDiagonistic.Domain.csproj", "{7D46A719-083D-4989-8133-671F04E272F4}"
EndProject
Project("{FAE04EC0-301F-11D3-BF4B-00C04F79EFBC}") = "GLDiagonistic.Infrastucture", "GLDiagonistic.Infrastucture\GLDiagonistic.Infrastucture.csproj", "{C6654121-F64E-46B9-8DF3-3721EA8E70C4}"
EndProject
Global
	GlobalSection(SolutionConfigurationPlatforms) = preSolution
		Debug|Any CPU = Debug|Any CPU
		Release|Any CPU = Release|Any CPU
	EndGlobalSection
	GlobalSection(ProjectConfigurationPlatforms) = postSolution
		{2627E6A5-CB5B-41AB-A41A-4629691A5739}.Debug|Any CPU.ActiveCfg = Debug|Any CPU
		{2627E6A5-CB5B-41AB-A41A-4629691A5739}.Debug|Any CPU.Build.0 = Debug|Any CPU
		{2627E6A5-CB5B-41AB-A41A-4629691A5739}.Release|Any CPU.ActiveCfg = Release|Any CPU
		{2627E6A5-CB5B-41AB-A41A-4629691A5739}.Release|Any CPU.Build.0 = Release|Any CPU
		{2A5650BF-9C6A-4341-A6DA-AC5882C503C6}.Debug|Any CPU.ActiveCfg = Debug|Any CPU
		{2A5650BF-9C6A-4341-A6DA-AC5882C503C6}.Debug|Any CPU.Build.0 = Debug|Any CPU
		{2A5650BF-9C6A-4341-A6DA-AC5882C503C6}.Release|Any CPU.ActiveCfg = Release|Any CPU
		{2A5650BF-9C6A-4341-A6DA-AC5882C503C6}.Release|Any CPU.Build.0 = Release|Any CPU
		{7D46A719-083D-4989-8133-671F04E272F4}.Debug|Any CPU.ActiveCfg = Debug|Any CPU
		{7D46A719-083D-4989-8133-671F04E272F4}.Debug|Any CPU.Build.0 = Debug|Any CPU
		{7D46A719-083D-4989-8133-671F04E272F4}.Release|Any CPU.ActiveCfg = Release|Any CPU
		{7D46A719-083D-4989-8133-671F04E272F4}.Release|Any CPU.Build.0 = Release|Any CPU
		{C6654121-F64E-46B9-8DF3-3721EA8E70C4}.Debug|Any CPU.ActiveCfg = Debug|Any CPU
		{C6654121-F64E-46B9-8DF3-3721EA8E70C4}.Debug|Any CPU.Build.0 = Debug|Any CPU
		{C6654121-F64E-46B9-8DF3-3721EA8E70C4}.Release|Any CPU.ActiveCfg = Release|Any CPU
		{C6654121-F64E-46B9-8DF3-3721EA8E70C4}.Release|Any CPU.Build.0 = Release|Any CPU
	EndGlobalSection
	GlobalSection(SolutionProperties) = preSolution
		HideSolutionNode = FALSE
	EndGlobalSection
	GlobalSection(ExtensibilityGlobals) = postSolution
		SolutionGuid = {60294355-DF55-49FE-BF48-21D6AB259E3C}
	EndGlobalSection
EndGlobal
